{
  "name": "ocents",
  "version": "1.0.0",
  "lockfileVersion": 1,
  "requires": true,
  "dependencies": {
    "@prisma/cli": {
      "version": "2.0.0-beta.5",
      "resolved": "https://registry.npmjs.org/@prisma/cli/-/cli-2.0.0-beta.5.tgz",
      "integrity": "sha512-Kl3IqOq6sYdajnLA034SLJxFCB0IxXcrSLYR8W9XTOyt3RRP/TCUPp5yBVfO9B21Kwe9YrFujTbSD2qQaDg1QA==",
      "dev": true
    },
    "@prisma/client": {
      "version": "2.0.0-beta.5",
      "resolved": "https://registry.npmjs.org/@prisma/client/-/client-2.0.0-beta.5.tgz",
      "integrity": "sha512-Ov7rOV5h+nu+zSFG61OvOTsDjQX+QSa8AI0sYbNSsfL9MvEMtb7mMCiGsQRdHGvxbqErFuqlN83+eUCR/umb1Q=="
    }
  }
}
